// !$*UTF8*$!
{
	archiveVersion = 1;
	classes = {
	};
	objectVersion = 56;
	objects = {

/* Begin PBXBuildFile section */
		5E26FD612BCF50B100B1CAB1 /* GoogleMaps in Frameworks */ = {isa = PBXBuildFile; productRef = 5E26FD602BCF50B100B1CAB1 /* GoogleMaps */; };
		5E26FD632BCF50B100B1CAB1 /* GoogleMapsBase in Frameworks */ = {isa = PBXBuildFile; productRef = 5E26FD622BCF50B100B1CAB1 /* GoogleMapsBase */; };
		5E26FD652BCF50B100B1CAB1 /* GoogleMapsCore in Frameworks */ = {isa = PBXBuildFile; productRef = 5E26FD642BCF50B100B1CAB1 /* GoogleMapsCore */; };
		5E26FD672BCF50B100B1CAB1 /* GoogleMapsM4B in Frameworks */ = {isa = PBXBuildFile; productRef = 5E26FD662BCF50B100B1CAB1 /* GoogleMapsM4B */; };
		5E91438A2BCE871100EE7FB0 /* Assets.xcassets in Resources */ = {isa = PBXBuildFile; fileRef = 5E9143892BCE871100EE7FB0 /* Assets.xcassets */; };
		5E91438D2BCE871100EE7FB0 /* Preview Assets.xcassets in Resources */ = {isa = PBXBuildFile; fileRef = 5E91438C2BCE871100EE7FB0 /* Preview Assets.xcassets */; };
		5E9143A42BCE87A500EE7FB0 /* HistoricTempeApp.swift in Sources */ = {isa = PBXBuildFile; fileRef = 5E9143A32BCE87A400EE7FB0 /* HistoricTempeApp.swift */; };
		5E9143A72BCE88BF00EE7FB0 /* FirebaseAnalytics in Frameworks */ = {isa = PBXBuildFile; productRef = 5E9143A62BCE88BF00EE7FB0 /* FirebaseAnalytics */; };
		5E9143A92BCE88BF00EE7FB0 /* FirebaseAnalyticsOnDeviceConversion in Frameworks */ = {isa = PBXBuildFile; productRef = 5E9143A82BCE88BF00EE7FB0 /* FirebaseAnalyticsOnDeviceConversion */; };
		5E9143AB2BCE88BF00EE7FB0 /* FirebaseAnalyticsSwift in Frameworks */ = {isa = PBXBuildFile; productRef = 5E9143AA2BCE88BF00EE7FB0 /* FirebaseAnalyticsSwift */; };
		5E9143AD2BCE88BF00EE7FB0 /* FirebaseAnalyticsWithoutAdIdSupport in Frameworks */ = {isa = PBXBuildFile; productRef = 5E9143AC2BCE88BF00EE7FB0 /* FirebaseAnalyticsWithoutAdIdSupport */; };
		5E9143AF2BCE88BF00EE7FB0 /* FirebaseAppDistribution-Beta in Frameworks */ = {isa = PBXBuildFile; productRef = 5E9143AE2BCE88BF00EE7FB0 /* FirebaseAppDistribution-Beta */; };
		5E9143B12BCE88BF00EE7FB0 /* FirebaseAuth in Frameworks */ = {isa = PBXBuildFile; productRef = 5E9143B02BCE88BF00EE7FB0 /* FirebaseAuth */; };
		5E9143B32BCE88BF00EE7FB0 /* FirebaseAuthCombine-Community in Frameworks */ = {isa = PBXBuildFile; productRef = 5E9143B22BCE88BF00EE7FB0 /* FirebaseAuthCombine-Community */; };
		5E9143B52BCE88BF00EE7FB0 /* FirebaseCrashlytics in Frameworks */ = {isa = PBXBuildFile; productRef = 5E9143B42BCE88BF00EE7FB0 /* FirebaseCrashlytics */; };
		5E9143B72BCE88BF00EE7FB0 /* FirebaseDatabase in Frameworks */ = {isa = PBXBuildFile; productRef = 5E9143B62BCE88BF00EE7FB0 /* FirebaseDatabase */; };
		5E9143B92BCE88BF00EE7FB0 /* FirebaseDatabaseSwift in Frameworks */ = {isa = PBXBuildFile; productRef = 5E9143B82BCE88BF00EE7FB0 /* FirebaseDatabaseSwift */; };
		5E9143BB2BCE88BF00EE7FB0 /* FirebaseDynamicLinks in Frameworks */ = {isa = PBXBuildFile; productRef = 5E9143BA2BCE88BF00EE7FB0 /* FirebaseDynamicLinks */; };
		5E9143BD2BCE88BF00EE7FB0 /* FirebaseFirestore in Frameworks */ = {isa = PBXBuildFile; productRef = 5E9143BC2BCE88BF00EE7FB0 /* FirebaseFirestore */; };
		5E9143BF2BCE88BF00EE7FB0 /* FirebaseFirestoreCombine-Community in Frameworks */ = {isa = PBXBuildFile; productRef = 5E9143BE2BCE88BF00EE7FB0 /* FirebaseFirestoreCombine-Community */; };
		5E9143C12BCE88BF00EE7FB0 /* FirebaseFirestoreSwift in Frameworks */ = {isa = PBXBuildFile; productRef = 5E9143C02BCE88BF00EE7FB0 /* FirebaseFirestoreSwift */; };
		5E9143C32BCE88BF00EE7FB0 /* FirebaseFunctions in Frameworks */ = {isa = PBXBuildFile; productRef = 5E9143C22BCE88BF00EE7FB0 /* FirebaseFunctions */; };
		5E9143C52BCE88BF00EE7FB0 /* FirebaseFunctionsCombine-Community in Frameworks */ = {isa = PBXBuildFile; productRef = 5E9143C42BCE88BF00EE7FB0 /* FirebaseFunctionsCombine-Community */; };
		5E9143C72BCE88BF00EE7FB0 /* FirebaseInAppMessaging-Beta in Frameworks */ = {isa = PBXBuildFile; productRef = 5E9143C62BCE88BF00EE7FB0 /* FirebaseInAppMessaging-Beta */; };
		5E9143C92BCE88BF00EE7FB0 /* FirebaseInAppMessagingSwift-Beta in Frameworks */ = {isa = PBXBuildFile; productRef = 5E9143C82BCE88BF00EE7FB0 /* FirebaseInAppMessagingSwift-Beta */; };
		5E9143CB2BCE88BF00EE7FB0 /* FirebaseInstallations in Frameworks */ = {isa = PBXBuildFile; productRef = 5E9143CA2BCE88BF00EE7FB0 /* FirebaseInstallations */; };
		5E9143CD2BCE88BF00EE7FB0 /* FirebaseMLModelDownloader in Frameworks */ = {isa = PBXBuildFile; productRef = 5E9143CC2BCE88BF00EE7FB0 /* FirebaseMLModelDownloader */; };
		5E9143CF2BCE88BF00EE7FB0 /* FirebaseMessaging in Frameworks */ = {isa = PBXBuildFile; productRef = 5E9143CE2BCE88BF00EE7FB0 /* FirebaseMessaging */; };
		5E9143D12BCE88BF00EE7FB0 /* FirebasePerformance in Frameworks */ = {isa = PBXBuildFile; productRef = 5E9143D02BCE88BF00EE7FB0 /* FirebasePerformance */; };
		5E9143D32BCE88BF00EE7FB0 /* FirebaseRemoteConfig in Frameworks */ = {isa = PBXBuildFile; productRef = 5E9143D22BCE88BF00EE7FB0 /* FirebaseRemoteConfig */; };
		5E9143D52BCE88BF00EE7FB0 /* FirebaseRemoteConfigSwift in Frameworks */ = {isa = PBXBuildFile; productRef = 5E9143D42BCE88BF00EE7FB0 /* FirebaseRemoteConfigSwift */; };
		5E9143D72BCE88BF00EE7FB0 /* FirebaseStorage in Frameworks */ = {isa = PBXBuildFile; productRef = 5E9143D62BCE88BF00EE7FB0 /* FirebaseStorage */; };
		5E9143D92BCE88BF00EE7FB0 /* FirebaseStorageCombine-Community in Frameworks */ = {isa = PBXBuildFile; productRef = 5E9143D82BCE88BF00EE7FB0 /* FirebaseStorageCombine-Community */; };
		5E9143DB2BCE88FC00EE7FB0 /* GoogleService-Info.plist in Resources */ = {isa = PBXBuildFile; fileRef = 5E9143DA2BCE88FC00EE7FB0 /* GoogleService-Info.plist */; };
		5E9143F82BCE8A1F00EE7FB0 /* SiteModel.swift in Sources */ = {isa = PBXBuildFile; fileRef = 5E9143DD2BCE8A1A00EE7FB0 /* SiteModel.swift */; };
		5E9144052BCE8A1F00EE7FB0 /* HomeView.swift in Sources */ = {isa = PBXBuildFile; fileRef = 5E9143EF2BCE8A1D00EE7FB0 /* HomeView.swift */; };
		5E9144062BCE8A1F00EE7FB0 /* AuthView.swift in Sources */ = {isa = PBXBuildFile; fileRef = 5E9143F02BCE8A1D00EE7FB0 /* AuthView.swift */; };
		5E9144072BCE8A1F00EE7FB0 /* LandingPage.swift in Sources */ = {isa = PBXBuildFile; fileRef = 5E9143F12BCE8A1D00EE7FB0 /* LandingPage.swift */; };
		5E9144082BCE8A1F00EE7FB0 /* ARView.swift in Sources */ = {isa = PBXBuildFile; fileRef = 5E9143F22BCE8A1D00EE7FB0 /* ARView.swift */; };
		5E91440E2BCE8B7700EE7FB0 /* Site.swift in Sources */ = {isa = PBXBuildFile; fileRef = 5E91440D2BCE8B7700EE7FB0 /* Site.swift */; };
		5ED407A22BCF6D4800DCA722 /* SignUp.swift in Sources */ = {isa = PBXBuildFile; fileRef = 5ED407A12BCF6D4800DCA722 /* SignUp.swift */; };
		5ED407A42BCF6D8700DCA722 /* SignIn.swift in Sources */ = {isa = PBXBuildFile; fileRef = 5ED407A32BCF6D8700DCA722 /* SignIn.swift */; };
/* End PBXBuildFile section */

/* Begin PBXFileReference section */
		5E26FD5E2BCF1B4000B1CAB1 /* Info.plist */ = {isa = PBXFileReference; lastKnownFileType = text.plist; path = Info.plist; sourceTree = "<group>"; };
		5E9143802BCE870B00EE7FB0 /* HistoricTempe.app */ = {isa = PBXFileReference; explicitFileType = wrapper.application; includeInIndex = 0; path = HistoricTempe.app; sourceTree = BUILT_PRODUCTS_DIR; };
		5E9143892BCE871100EE7FB0 /* Assets.xcassets */ = {isa = PBXFileReference; lastKnownFileType = folder.assetcatalog; path = Assets.xcassets; sourceTree = "<group>"; };
		5E91438C2BCE871100EE7FB0 /* Preview Assets.xcassets */ = {isa = PBXFileReference; lastKnownFileType = folder.assetcatalog; path = "Preview Assets.xcassets"; sourceTree = "<group>"; };
		5E9143A32BCE87A400EE7FB0 /* HistoricTempeApp.swift */ = {isa = PBXFileReference; fileEncoding = 4; lastKnownFileType = sourcecode.swift; path = HistoricTempeApp.swift; sourceTree = "<group>"; };
		5E9143DA2BCE88FC00EE7FB0 /* GoogleService-Info.plist */ = {isa = PBXFileReference; fileEncoding = 4; lastKnownFileType = text.plist.xml; path = "GoogleService-Info.plist"; sourceTree = "<group>"; };
		5E9143DD2BCE8A1A00EE7FB0 /* SiteModel.swift */ = {isa = PBXFileReference; fileEncoding = 4; lastKnownFileType = sourcecode.swift; path = SiteModel.swift; sourceTree = "<group>"; };
		5E9143EF2BCE8A1D00EE7FB0 /* HomeView.swift */ = {isa = PBXFileReference; fileEncoding = 4; lastKnownFileType = sourcecode.swift; path = HomeView.swift; sourceTree = "<group>"; };
		5E9143F02BCE8A1D00EE7FB0 /* AuthView.swift */ = {isa = PBXFileReference; fileEncoding = 4; lastKnownFileType = sourcecode.swift; path = AuthView.swift; sourceTree = "<group>"; };
		5E9143F12BCE8A1D00EE7FB0 /* LandingPage.swift */ = {isa = PBXFileReference; fileEncoding = 4; lastKnownFileType = sourcecode.swift; path = LandingPage.swift; sourceTree = "<group>"; };
		5E9143F22BCE8A1D00EE7FB0 /* ARView.swift */ = {isa = PBXFileReference; fileEncoding = 4; lastKnownFileType = sourcecode.swift; path = ARView.swift; sourceTree = "<group>"; };
		5E91440D2BCE8B7700EE7FB0 /* Site.swift */ = {isa = PBXFileReference; lastKnownFileType = sourcecode.swift; path = Site.swift; sourceTree = "<group>"; };
		5ED407A12BCF6D4800DCA722 /* SignUp.swift */ = {isa = PBXFileReference; lastKnownFileType = sourcecode.swift; path = SignUp.swift; sourceTree = "<group>"; };
		5ED407A32BCF6D8700DCA722 /* SignIn.swift */ = {isa = PBXFileReference; lastKnownFileType = sourcecode.swift; path = SignIn.swift; sourceTree = "<group>"; };
/* End PBXFileReference section */

/* Begin PBXFrameworksBuildPhase section */
		5E91437D2BCE870B00EE7FB0 /* Frameworks */ = {
			isa = PBXFrameworksBuildPhase;
			buildActionMask = 2147483647;
			files = (
				5E9143D12BCE88BF00EE7FB0 /* FirebasePerformance in Frameworks */,
				5E9143BF2BCE88BF00EE7FB0 /* FirebaseFirestoreCombine-Community in Frameworks */,
				5E9143B92BCE88BF00EE7FB0 /* FirebaseDatabaseSwift in Frameworks */,
				5E9143D72BCE88BF00EE7FB0 /* FirebaseStorage in Frameworks */,
				5E9143BB2BCE88BF00EE7FB0 /* FirebaseDynamicLinks in Frameworks */,
				5E9143C12BCE88BF00EE7FB0 /* FirebaseFirestoreSwift in Frameworks */,
				5E9143AB2BCE88BF00EE7FB0 /* FirebaseAnalyticsSwift in Frameworks */,
				5E9143C72BCE88BF00EE7FB0 /* FirebaseInAppMessaging-Beta in Frameworks */,
				5E9143B12BCE88BF00EE7FB0 /* FirebaseAuth in Frameworks */,
				5E9143CD2BCE88BF00EE7FB0 /* FirebaseMLModelDownloader in Frameworks */,
				5E9143D52BCE88BF00EE7FB0 /* FirebaseRemoteConfigSwift in Frameworks */,
				5E9143A72BCE88BF00EE7FB0 /* FirebaseAnalytics in Frameworks */,
				5E9143CF2BCE88BF00EE7FB0 /* FirebaseMessaging in Frameworks */,
				5E9143CB2BCE88BF00EE7FB0 /* FirebaseInstallations in Frameworks */,
				5E9143C52BCE88BF00EE7FB0 /* FirebaseFunctionsCombine-Community in Frameworks */,
				5E26FD632BCF50B100B1CAB1 /* GoogleMapsBase in Frameworks */,
				5E9143BD2BCE88BF00EE7FB0 /* FirebaseFirestore in Frameworks */,
				5E9143D92BCE88BF00EE7FB0 /* FirebaseStorageCombine-Community in Frameworks */,
				5E26FD672BCF50B100B1CAB1 /* GoogleMapsM4B in Frameworks */,
				5E9143AF2BCE88BF00EE7FB0 /* FirebaseAppDistribution-Beta in Frameworks */,
				5E9143A92BCE88BF00EE7FB0 /* FirebaseAnalyticsOnDeviceConversion in Frameworks */,
				5E9143B52BCE88BF00EE7FB0 /* FirebaseCrashlytics in Frameworks */,
				5E9143B72BCE88BF00EE7FB0 /* FirebaseDatabase in Frameworks */,
				5E9143D32BCE88BF00EE7FB0 /* FirebaseRemoteConfig in Frameworks */,
				5E9143C32BCE88BF00EE7FB0 /* FirebaseFunctions in Frameworks */,
				5E26FD612BCF50B100B1CAB1 /* GoogleMaps in Frameworks */,
				5E9143B32BCE88BF00EE7FB0 /* FirebaseAuthCombine-Community in Frameworks */,
				5E9143C92BCE88BF00EE7FB0 /* FirebaseInAppMessagingSwift-Beta in Frameworks */,
				5E26FD652BCF50B100B1CAB1 /* GoogleMapsCore in Frameworks */,
				5E9143AD2BCE88BF00EE7FB0 /* FirebaseAnalyticsWithoutAdIdSupport in Frameworks */,
			);
			runOnlyForDeploymentPostprocessing = 0;
		};
/* End PBXFrameworksBuildPhase section */

/* Begin PBXGroup section */
		5E9143772BCE870B00EE7FB0 = {
			isa = PBXGroup;
			children = (
				5E9143822BCE870B00EE7FB0 /* HistoricTempe */,
				5E9143812BCE870B00EE7FB0 /* Products */,
			);
			sourceTree = "<group>";
		};
		5E9143812BCE870B00EE7FB0 /* Products */ = {
			isa = PBXGroup;
			children = (
				5E9143802BCE870B00EE7FB0 /* HistoricTempe.app */,
			);
			name = Products;
			sourceTree = "<group>";
		};
		5E9143822BCE870B00EE7FB0 /* HistoricTempe */ = {
			isa = PBXGroup;
			children = (
				5E26FD5E2BCF1B4000B1CAB1 /* Info.plist */,
				5E9143DA2BCE88FC00EE7FB0 /* GoogleService-Info.plist */,
				5E91440F2BCE8B9400EE7FB0 /* Model */,
				5E9143EE2BCE8A1D00EE7FB0 /* View */,
				5E9143A32BCE87A400EE7FB0 /* HistoricTempeApp.swift */,
				5E9143892BCE871100EE7FB0 /* Assets.xcassets */,
				5E91438B2BCE871100EE7FB0 /* Preview Content */,
			);
			path = HistoricTempe;
			sourceTree = "<group>";
		};
		5E91438B2BCE871100EE7FB0 /* Preview Content */ = {
			isa = PBXGroup;
			children = (
				5E91438C2BCE871100EE7FB0 /* Preview Assets.xcassets */,
			);
			path = "Preview Content";
			sourceTree = "<group>";
		};
		5E9143EE2BCE8A1D00EE7FB0 /* View */ = {
			isa = PBXGroup;
			children = (
				5E9143EF2BCE8A1D00EE7FB0 /* HomeView.swift */,
				5E9143F02BCE8A1D00EE7FB0 /* AuthView.swift */,
				5E9143F12BCE8A1D00EE7FB0 /* LandingPage.swift */,
				5E9143F22BCE8A1D00EE7FB0 /* ARView.swift */,
				5ED407A12BCF6D4800DCA722 /* SignUp.swift */,
				5ED407A32BCF6D8700DCA722 /* SignIn.swift */,
			);
			path = View;
			sourceTree = "<group>";
		};
		5E91440F2BCE8B9400EE7FB0 /* Model */ = {
			isa = PBXGroup;
			children = (
				5E9143DD2BCE8A1A00EE7FB0 /* SiteModel.swift */,
				5E91440D2BCE8B7700EE7FB0 /* Site.swift */,
			);
			path = Model;
			sourceTree = "<group>";
		};
/* End PBXGroup section */

/* Begin PBXNativeTarget section */
		5E91437F2BCE870B00EE7FB0 /* HistoricTempe */ = {
			isa = PBXNativeTarget;
			buildConfigurationList = 5E9143902BCE871100EE7FB0 /* Build configuration list for PBXNativeTarget "HistoricTempe" */;
			buildPhases = (
				5E91437C2BCE870B00EE7FB0 /* Sources */,
				5E91437D2BCE870B00EE7FB0 /* Frameworks */,
				5E91437E2BCE870B00EE7FB0 /* Resources */,
			);
			buildRules = (
			);
			dependencies = (
			);
			name = HistoricTempe;
			packageProductDependencies = (
				5E9143A62BCE88BF00EE7FB0 /* FirebaseAnalytics */,
				5E9143A82BCE88BF00EE7FB0 /* FirebaseAnalyticsOnDeviceConversion */,
				5E9143AA2BCE88BF00EE7FB0 /* FirebaseAnalyticsSwift */,
				5E9143AC2BCE88BF00EE7FB0 /* FirebaseAnalyticsWithoutAdIdSupport */,
				5E9143AE2BCE88BF00EE7FB0 /* FirebaseAppDistribution-Beta */,
				5E9143B02BCE88BF00EE7FB0 /* FirebaseAuth */,
				5E9143B22BCE88BF00EE7FB0 /* FirebaseAuthCombine-Community */,
				5E9143B42BCE88BF00EE7FB0 /* FirebaseCrashlytics */,
				5E9143B62BCE88BF00EE7FB0 /* FirebaseDatabase */,
				5E9143B82BCE88BF00EE7FB0 /* FirebaseDatabaseSwift */,
				5E9143BA2BCE88BF00EE7FB0 /* FirebaseDynamicLinks */,
				5E9143BC2BCE88BF00EE7FB0 /* FirebaseFirestore */,
				5E9143BE2BCE88BF00EE7FB0 /* FirebaseFirestoreCombine-Community */,
				5E9143C02BCE88BF00EE7FB0 /* FirebaseFirestoreSwift */,
				5E9143C22BCE88BF00EE7FB0 /* FirebaseFunctions */,
				5E9143C42BCE88BF00EE7FB0 /* FirebaseFunctionsCombine-Community */,
				5E9143C62BCE88BF00EE7FB0 /* FirebaseInAppMessaging-Beta */,
				5E9143C82BCE88BF00EE7FB0 /* FirebaseInAppMessagingSwift-Beta */,
				5E9143CA2BCE88BF00EE7FB0 /* FirebaseInstallations */,
				5E9143CC2BCE88BF00EE7FB0 /* FirebaseMLModelDownloader */,
				5E9143CE2BCE88BF00EE7FB0 /* FirebaseMessaging */,
				5E9143D02BCE88BF00EE7FB0 /* FirebasePerformance */,
				5E9143D22BCE88BF00EE7FB0 /* FirebaseRemoteConfig */,
				5E9143D42BCE88BF00EE7FB0 /* FirebaseRemoteConfigSwift */,
				5E9143D62BCE88BF00EE7FB0 /* FirebaseStorage */,
				5E9143D82BCE88BF00EE7FB0 /* FirebaseStorageCombine-Community */,
				5E26FD602BCF50B100B1CAB1 /* GoogleMaps */,
				5E26FD622BCF50B100B1CAB1 /* GoogleMapsBase */,
				5E26FD642BCF50B100B1CAB1 /* GoogleMapsCore */,
				5E26FD662BCF50B100B1CAB1 /* GoogleMapsM4B */,
			);
			productName = HistoricTempe;
			productReference = 5E9143802BCE870B00EE7FB0 /* HistoricTempe.app */;
			productType = "com.apple.product-type.application";
		};
/* End PBXNativeTarget section */

/* Begin PBXProject section */
		5E9143782BCE870B00EE7FB0 /* Project object */ = {
			isa = PBXProject;
			attributes = {
				BuildIndependentTargetsInParallel = 1;
				LastSwiftUpdateCheck = 1520;
				LastUpgradeCheck = 1520;
				TargetAttributes = {
					5E91437F2BCE870B00EE7FB0 = {
						CreatedOnToolsVersion = 15.2;
					};
				};
			};
			buildConfigurationList = 5E91437B2BCE870B00EE7FB0 /* Build configuration list for PBXProject "HistoricTempe" */;
			compatibilityVersion = "Xcode 14.0";
			developmentRegion = en;
			hasScannedForEncodings = 0;
			knownRegions = (
				en,
				Base,
			);
			mainGroup = 5E9143772BCE870B00EE7FB0;
			packageReferences = (
				5E9143A52BCE88BF00EE7FB0 /* XCRemoteSwiftPackageReference "firebase-ios-sdk" */,
				5E26FD5F2BCF50B100B1CAB1 /* XCRemoteSwiftPackageReference "ios-maps-sdk" */,
			);
			productRefGroup = 5E9143812BCE870B00EE7FB0 /* Products */;
			projectDirPath = "";
			projectRoot = "";
			targets = (
				5E91437F2BCE870B00EE7FB0 /* HistoricTempe */,
			);
		};
/* End PBXProject section */

/* Begin PBXResourcesBuildPhase section */
		5E91437E2BCE870B00EE7FB0 /* Resources */ = {
			isa = PBXResourcesBuildPhase;
			buildActionMask = 2147483647;
			files = (
				5E91438D2BCE871100EE7FB0 /* Preview Assets.xcassets in Resources */,
				5E91438A2BCE871100EE7FB0 /* Assets.xcassets in Resources */,
				5E9143DB2BCE88FC00EE7FB0 /* GoogleService-Info.plist in Resources */,
			);
			runOnlyForDeploymentPostprocessing = 0;
		};
/* End PBXResourcesBuildPhase section */

/* Begin PBXSourcesBuildPhase section */
		5E91437C2BCE870B00EE7FB0 /* Sources */ = {
			isa = PBXSourcesBuildPhase;
			buildActionMask = 2147483647;
			files = (
				5E91440E2BCE8B7700EE7FB0 /* Site.swift in Sources */,
				5ED407A42BCF6D8700DCA722 /* SignIn.swift in Sources */,
				5E9143F82BCE8A1F00EE7FB0 /* SiteModel.swift in Sources */,
				5E9144052BCE8A1F00EE7FB0 /* HomeView.swift in Sources */,
				5E9144062BCE8A1F00EE7FB0 /* AuthView.swift in Sources */,
				5E9144072BCE8A1F00EE7FB0 /* LandingPage.swift in Sources */,
				5ED407A22BCF6D4800DCA722 /* SignUp.swift in Sources */,
				5E9144082BCE8A1F00EE7FB0 /* ARView.swift in Sources */,
				5E9143A42BCE87A500EE7FB0 /* HistoricTempeApp.swift in Sources */,
			);
			runOnlyForDeploymentPostprocessing = 0;
		};
/* End PBXSourcesBuildPhase section */

/* Begin XCBuildConfiguration section */
		5E91438E2BCE871100EE7FB0 /* Debug */ = {
			isa = XCBuildConfiguration;
			buildSettings = {
				ALWAYS_SEARCH_USER_PATHS = NO;
				ASSETCATALOG_COMPILER_GENERATE_SWIFT_ASSET_SYMBOL_EXTENSIONS = YES;
				CLANG_ANALYZER_NONNULL = YES;
				CLANG_ANALYZER_NUMBER_OBJECT_CONVERSION = YES_AGGRESSIVE;
				CLANG_CXX_LANGUAGE_STANDARD = "gnu++20";
				CLANG_ENABLE_MODULES = YES;
				CLANG_ENABLE_OBJC_ARC = YES;
				CLANG_ENABLE_OBJC_WEAK = YES;
				CLANG_WARN_BLOCK_CAPTURE_AUTORELEASING = YES;
				CLANG_WARN_BOOL_CONVERSION = YES;
				CLANG_WARN_COMMA = YES;
				CLANG_WARN_CONSTANT_CONVERSION = YES;
				CLANG_WARN_DEPRECATED_OBJC_IMPLEMENTATIONS = YES;
				CLANG_WARN_DIRECT_OBJC_ISA_USAGE = YES_ERROR;
				CLANG_WARN_DOCUMENTATION_COMMENTS = YES;
				CLANG_WARN_EMPTY_BODY = YES;
				CLANG_WARN_ENUM_CONVERSION = YES;
				CLANG_WARN_INFINITE_RECURSION = YES;
				CLANG_WARN_INT_CONVERSION = YES;
				CLANG_WARN_NON_LITERAL_NULL_CONVERSION = YES;
				CLANG_WARN_OBJC_IMPLICIT_RETAIN_SELF = YES;
				CLANG_WARN_OBJC_LITERAL_CONVERSION = YES;
				CLANG_WARN_OBJC_ROOT_CLASS = YES_ERROR;
				CLANG_WARN_QUOTED_INCLUDE_IN_FRAMEWORK_HEADER = YES;
				CLANG_WARN_RANGE_LOOP_ANALYSIS = YES;
				CLANG_WARN_STRICT_PROTOTYPES = YES;
				CLANG_WARN_SUSPICIOUS_MOVE = YES;
				CLANG_WARN_UNGUARDED_AVAILABILITY = YES_AGGRESSIVE;
				CLANG_WARN_UNREACHABLE_CODE = YES;
				CLANG_WARN__DUPLICATE_METHOD_MATCH = YES;
				COPY_PHASE_STRIP = NO;
				DEBUG_INFORMATION_FORMAT = dwarf;
				ENABLE_STRICT_OBJC_MSGSEND = YES;
				ENABLE_TESTABILITY = YES;
				ENABLE_USER_SCRIPT_SANDBOXING = YES;
				GCC_C_LANGUAGE_STANDARD = gnu17;
				GCC_DYNAMIC_NO_PIC = NO;
				GCC_NO_COMMON_BLOCKS = YES;
				GCC_OPTIMIZATION_LEVEL = 0;
				GCC_PREPROCESSOR_DEFINITIONS = (
					"DEBUG=1",
					"$(inherited)",
				);
				GCC_WARN_64_TO_32_BIT_CONVERSION = YES;
				GCC_WARN_ABOUT_RETURN_TYPE = YES_ERROR;
				GCC_WARN_UNDECLARED_SELECTOR = YES;
				GCC_WARN_UNINITIALIZED_AUTOS = YES_AGGRESSIVE;
				GCC_WARN_UNUSED_FUNCTION = YES;
				GCC_WARN_UNUSED_VARIABLE = YES;
				IPHONEOS_DEPLOYMENT_TARGET = 17.2;
				LOCALIZATION_PREFERS_STRING_CATALOGS = YES;
				MTL_ENABLE_DEBUG_INFO = INCLUDE_SOURCE;
				MTL_FAST_MATH = YES;
				ONLY_ACTIVE_ARCH = YES;
				SDKROOT = iphoneos;
				SWIFT_ACTIVE_COMPILATION_CONDITIONS = "DEBUG $(inherited)";
				SWIFT_OPTIMIZATION_LEVEL = "-Onone";
			};
			name = Debug;
		};
		5E91438F2BCE871100EE7FB0 /* Release */ = {
			isa = XCBuildConfiguration;
			buildSettings = {
				ALWAYS_SEARCH_USER_PATHS = NO;
				ASSETCATALOG_COMPILER_GENERATE_SWIFT_ASSET_SYMBOL_EXTENSIONS = YES;
				CLANG_ANALYZER_NONNULL = YES;
				CLANG_ANALYZER_NUMBER_OBJECT_CONVERSION = YES_AGGRESSIVE;
				CLANG_CXX_LANGUAGE_STANDARD = "gnu++20";
				CLANG_ENABLE_MODULES = YES;
				CLANG_ENABLE_OBJC_ARC = YES;
				CLANG_ENABLE_OBJC_WEAK = YES;
				CLANG_WARN_BLOCK_CAPTURE_AUTORELEASING = YES;
				CLANG_WARN_BOOL_CONVERSION = YES;
				CLANG_WARN_COMMA = YES;
				CLANG_WARN_CONSTANT_CONVERSION = YES;
				CLANG_WARN_DEPRECATED_OBJC_IMPLEMENTATIONS = YES;
				CLANG_WARN_DIRECT_OBJC_ISA_USAGE = YES_ERROR;
				CLANG_WARN_DOCUMENTATION_COMMENTS = YES;
				CLANG_WARN_EMPTY_BODY = YES;
				CLANG_WARN_ENUM_CONVERSION = YES;
				CLANG_WARN_INFINITE_RECURSION = YES;
				CLANG_WARN_INT_CONVERSION = YES;
				CLANG_WARN_NON_LITERAL_NULL_CONVERSION = YES;
				CLANG_WARN_OBJC_IMPLICIT_RETAIN_SELF = YES;
				CLANG_WARN_OBJC_LITERAL_CONVERSION = YES;
				CLANG_WARN_OBJC_ROOT_CLASS = YES_ERROR;
				CLANG_WARN_QUOTED_INCLUDE_IN_FRAMEWORK_HEADER = YES;
				CLANG_WARN_RANGE_LOOP_ANALYSIS = YES;
				CLANG_WARN_STRICT_PROTOTYPES = YES;
				CLANG_WARN_SUSPICIOUS_MOVE = YES;
				CLANG_WARN_UNGUARDED_AVAILABILITY = YES_AGGRESSIVE;
				CLANG_WARN_UNREACHABLE_CODE = YES;
				CLANG_WARN__DUPLICATE_METHOD_MATCH = YES;
				COPY_PHASE_STRIP = NO;
				DEBUG_INFORMATION_FORMAT = "dwarf-with-dsym";
				ENABLE_NS_ASSERTIONS = NO;
				ENABLE_STRICT_OBJC_MSGSEND = YES;
				ENABLE_USER_SCRIPT_SANDBOXING = YES;
				GCC_C_LANGUAGE_STANDARD = gnu17;
				GCC_NO_COMMON_BLOCKS = YES;
				GCC_WARN_64_TO_32_BIT_CONVERSION = YES;
				GCC_WARN_ABOUT_RETURN_TYPE = YES_ERROR;
				GCC_WARN_UNDECLARED_SELECTOR = YES;
				GCC_WARN_UNINITIALIZED_AUTOS = YES_AGGRESSIVE;
				GCC_WARN_UNUSED_FUNCTION = YES;
				GCC_WARN_UNUSED_VARIABLE = YES;
				IPHONEOS_DEPLOYMENT_TARGET = 17.2;
				LOCALIZATION_PREFERS_STRING_CATALOGS = YES;
				MTL_ENABLE_DEBUG_INFO = NO;
				MTL_FAST_MATH = YES;
				SDKROOT = iphoneos;
				SWIFT_COMPILATION_MODE = wholemodule;
				VALIDATE_PRODUCT = YES;
			};
			name = Release;
		};
		5E9143912BCE871100EE7FB0 /* Debug */ = {
			isa = XCBuildConfiguration;
			buildSettings = {
				ASSETCATALOG_COMPILER_APPICON_NAME = AppIcon;
				ASSETCATALOG_COMPILER_GLOBAL_ACCENT_COLOR_NAME = AccentColor;
				CODE_SIGN_STYLE = Automatic;
				CURRENT_PROJECT_VERSION = 1;
				DEVELOPMENT_ASSET_PATHS = "\"HistoricTempe/Preview Content\"";
				ENABLE_PREVIEWS = YES;
				GENERATE_INFOPLIST_FILE = YES;
				INFOPLIST_FILE = HistoricTempe/Info.plist;
				INFOPLIST_KEY_UIApplicationSceneManifest_Generation = YES;
				INFOPLIST_KEY_UIApplicationSupportsIndirectInputEvents = YES;
				INFOPLIST_KEY_UILaunchScreen_Generation = YES;
				INFOPLIST_KEY_UISupportedInterfaceOrientations_iPad = "UIInterfaceOrientationPortrait UIInterfaceOrientationPortraitUpsideDown UIInterfaceOrientationLandscapeLeft UIInterfaceOrientationLandscapeRight";
				INFOPLIST_KEY_UISupportedInterfaceOrientations_iPhone = "UIInterfaceOrientationPortrait UIInterfaceOrientationLandscapeLeft UIInterfaceOrientationLandscapeRight";
				LD_RUNPATH_SEARCH_PATHS = (
					"$(inherited)",
					"@executable_path/Frameworks",
				);
				MARKETING_VERSION = 1.0;
				PRODUCT_BUNDLE_IDENTIFIER = asu.HistoricTempe;
				PRODUCT_NAME = "$(TARGET_NAME)";
				SWIFT_EMIT_LOC_STRINGS = YES;
				SWIFT_VERSION = 5.0;
				TARGETED_DEVICE_FAMILY = "1,2";
			};
			name = Debug;
		};
		5E9143922BCE871100EE7FB0 /* Release */ = {
			isa = XCBuildConfiguration;
			buildSettings = {
				ASSETCATALOG_COMPILER_APPICON_NAME = AppIcon;
				ASSETCATALOG_COMPILER_GLOBAL_ACCENT_COLOR_NAME = AccentColor;
				CODE_SIGN_STYLE = Automatic;
				CURRENT_PROJECT_VERSION = 1;
				DEVELOPMENT_ASSET_PATHS = "\"HistoricTempe/Preview Content\"";
				ENABLE_PREVIEWS = YES;
				GENERATE_INFOPLIST_FILE = YES;
				INFOPLIST_FILE = HistoricTempe/Info.plist;
				INFOPLIST_KEY_UIApplicationSceneManifest_Generation = YES;
				INFOPLIST_KEY_UIApplicationSupportsIndirectInputEvents = YES;
				INFOPLIST_KEY_UILaunchScreen_Generation = YES;
				INFOPLIST_KEY_UISupportedInterfaceOrientations_iPad = "UIInterfaceOrientationPortrait UIInterfaceOrientationPortraitUpsideDown UIInterfaceOrientationLandscapeLeft UIInterfaceOrientationLandscapeRight";
				INFOPLIST_KEY_UISupportedInterfaceOrientations_iPhone = "UIInterfaceOrientationPortrait UIInterfaceOrientationLandscapeLeft UIInterfaceOrientationLandscapeRight";
				LD_RUNPATH_SEARCH_PATHS = (
					"$(inherited)",
					"@executable_path/Frameworks",
				);
				MARKETING_VERSION = 1.0;
				PRODUCT_BUNDLE_IDENTIFIER = asu.HistoricTempe;
				PRODUCT_NAME = "$(TARGET_NAME)";
				SWIFT_EMIT_LOC_STRINGS = YES;
				SWIFT_VERSION = 5.0;
				TARGETED_DEVICE_FAMILY = "1,2";
			};
			name = Release;
		};
/* End XCBuildConfiguration section */

/* Begin XCConfigurationList section */
		5E91437B2BCE870B00EE7FB0 /* Build configuration list for PBXProject "HistoricTempe" */ = {
			isa = XCConfigurationList;
			buildConfigurations = (
				5E91438E2BCE871100EE7FB0 /* Debug */,
				5E91438F2BCE871100EE7FB0 /* Release */,
			);
			defaultConfigurationIsVisible = 0;
			defaultConfigurationName = Release;
		};
		5E9143902BCE871100EE7FB0 /* Build configuration list for PBXNativeTarget "HistoricTempe" */ = {
			isa = XCConfigurationList;
			buildConfigurations = (
				5E9143912BCE871100EE7FB0 /* Debug */,
				5E9143922BCE871100EE7FB0 /* Release */,
			);
			defaultConfigurationIsVisible = 0;
			defaultConfigurationName = Release;
		};
/* End XCConfigurationList section */

/* Begin XCRemoteSwiftPackageReference section */
		5E26FD5F2BCF50B100B1CAB1 /* XCRemoteSwiftPackageReference "ios-maps-sdk" */ = {
			isa = XCRemoteSwiftPackageReference;
			repositoryURL = "https://github.com/googlemaps/ios-maps-sdk";
			requirement = {
				kind = upToNextMajorVersion;
				minimumVersion = 8.4.0;
			};
		};
		5E9143A52BCE88BF00EE7FB0 /* XCRemoteSwiftPackageReference "firebase-ios-sdk" */ = {
			isa = XCRemoteSwiftPackageReference;
			repositoryURL = "https://github.com/firebase/firebase-ios-sdk";
			requirement = {
				kind = upToNextMajorVersion;
				minimumVersion = 10.24.0;
			};
		};
/* End XCRemoteSwiftPackageReference section */

/* Begin XCSwiftPackageProductDependency section */
		5E26FD602BCF50B100B1CAB1 /* GoogleMaps */ = {
			isa = XCSwiftPackageProductDependency;
			package = 5E26FD5F2BCF50B100B1CAB1 /* XCRemoteSwiftPackageReference "ios-maps-sdk" */;
			productName = GoogleMaps;
		};
		5E26FD622BCF50B100B1CAB1 /* GoogleMapsBase */ = {
			isa = XCSwiftPackageProductDependency;
			package = 5E26FD5F2BCF50B100B1CAB1 /* XCRemoteSwiftPackageReference "ios-maps-sdk" */;
			productName = GoogleMapsBase;
		};
		5E26FD642BCF50B100B1CAB1 /* GoogleMapsCore */ = {
			isa = XCSwiftPackageProductDependency;
			package = 5E26FD5F2BCF50B100B1CAB1 /* XCRemoteSwiftPackageReference "ios-maps-sdk" */;
			productName = GoogleMapsCore;
		};
		5E26FD662BCF50B100B1CAB1 /* GoogleMapsM4B */ = {
			isa = XCSwiftPackageProductDependency;
			package = 5E26FD5F2BCF50B100B1CAB1 /* XCRemoteSwiftPackageReference "ios-maps-sdk" */;
			productName = GoogleMapsM4B;
		};
		5E9143A62BCE88BF00EE7FB0 /* FirebaseAnalytics */ = {
			isa = XCSwiftPackageProductDependency;
			package = 5E9143A52BCE88BF00EE7FB0 /* XCRemoteSwiftPackageReference "firebase-ios-sdk" */;
			productName = FirebaseAnalytics;
		};
		5E9143A82BCE88BF00EE7FB0 /* FirebaseAnalyticsOnDeviceConversion */ = {
			isa = XCSwiftPackageProductDependency;
			package = 5E9143A52BCE88BF00EE7FB0 /* XCRemoteSwiftPackageReference "firebase-ios-sdk" */;
			productName = FirebaseAnalyticsOnDeviceConversion;
		};
		5E9143AA2BCE88BF00EE7FB0 /* FirebaseAnalyticsSwift */ = {
			isa = XCSwiftPackageProductDependency;
			package = 5E9143A52BCE88BF00EE7FB0 /* XCRemoteSwiftPackageReference "firebase-ios-sdk" */;
			productName = FirebaseAnalyticsSwift;
		};
		5E9143AC2BCE88BF00EE7FB0 /* FirebaseAnalyticsWithoutAdIdSupport */ = {
			isa = XCSwiftPackageProductDependency;
			package = 5E9143A52BCE88BF00EE7FB0 /* XCRemoteSwiftPackageReference "firebase-ios-sdk" */;
			productName = FirebaseAnalyticsWithoutAdIdSupport;
		};
		5E9143AE2BCE88BF00EE7FB0 /* FirebaseAppDistribution-Beta */ = {
			isa = XCSwiftPackageProductDependency;
			package = 5E9143A52BCE88BF00EE7FB0 /* XCRemoteSwiftPackageReference "firebase-ios-sdk" */;
			productName = "FirebaseAppDistribution-Beta";
		};
		5E9143B02BCE88BF00EE7FB0 /* FirebaseAuth */ = {
			isa = XCSwiftPackageProductDependency;
			package = 5E9143A52BCE88BF00EE7FB0 /* XCRemoteSwiftPackageReference "firebase-ios-sdk" */;
			productName = FirebaseAuth;
		};
		5E9143B22BCE88BF00EE7FB0 /* FirebaseAuthCombine-Community */ = {
			isa = XCSwiftPackageProductDependency;
			package = 5E9143A52BCE88BF00EE7FB0 /* XCRemoteSwiftPackageReference "firebase-ios-sdk" */;
			productName = "FirebaseAuthCombine-Community";
		};
		5E9143B42BCE88BF00EE7FB0 /* FirebaseCrashlytics */ = {
			isa = XCSwiftPackageProductDependency;
			package = 5E9143A52BCE88BF00EE7FB0 /* XCRemoteSwiftPackageReference "firebase-ios-sdk" */;
			productName = FirebaseCrashlytics;
		};
		5E9143B62BCE88BF00EE7FB0 /* FirebaseDatabase */ = {
			isa = XCSwiftPackageProductDependency;
			package = 5E9143A52BCE88BF00EE7FB0 /* XCRemoteSwiftPackageReference "firebase-ios-sdk" */;
			productName = FirebaseDatabase;
		};
		5E9143B82BCE88BF00EE7FB0 /* FirebaseDatabaseSwift */ = {
			isa = XCSwiftPackageProductDependency;
			package = 5E9143A52BCE88BF00EE7FB0 /* XCRemoteSwiftPackageReference "firebase-ios-sdk" */;
			productName = FirebaseDatabaseSwift;
		};
		5E9143BA2BCE88BF00EE7FB0 /* FirebaseDynamicLinks */ = {
			isa = XCSwiftPackageProductDependency;
			package = 5E9143A52BCE88BF00EE7FB0 /* XCRemoteSwiftPackageReference "firebase-ios-sdk" */;
			productName = FirebaseDynamicLinks;
		};
		5E9143BC2BCE88BF00EE7FB0 /* FirebaseFirestore */ = {
			isa = XCSwiftPackageProductDependency;
			package = 5E9143A52BCE88BF00EE7FB0 /* XCRemoteSwiftPackageReference "firebase-ios-sdk" */;
			productName = FirebaseFirestore;
		};
		5E9143BE2BCE88BF00EE7FB0 /* FirebaseFirestoreCombine-Community */ = {
			isa = XCSwiftPackageProductDependency;
			package = 5E9143A52BCE88BF00EE7FB0 /* XCRemoteSwiftPackageReference "firebase-ios-sdk" */;
			productName = "FirebaseFirestoreCombine-Community";
		};
		5E9143C02BCE88BF00EE7FB0 /* FirebaseFirestoreSwift */ = {
			isa = XCSwiftPackageProductDependency;
			package = 5E9143A52BCE88BF00EE7FB0 /* XCRemoteSwiftPackageReference "firebase-ios-sdk" */;
			productName = FirebaseFirestoreSwift;
		};
		5E9143C22BCE88BF00EE7FB0 /* FirebaseFunctions */ = {
			isa = XCSwiftPackageProductDependency;
			package = 5E9143A52BCE88BF00EE7FB0 /* XCRemoteSwiftPackageReference "firebase-ios-sdk" */;
			productName = FirebaseFunctions;
		};
		5E9143C42BCE88BF00EE7FB0 /* FirebaseFunctionsCombine-Community */ = {
			isa = XCSwiftPackageProductDependency;
			package = 5E9143A52BCE88BF00EE7FB0 /* XCRemoteSwiftPackageReference "firebase-ios-sdk" */;
			productName = "FirebaseFunctionsCombine-Community";
		};
		5E9143C62BCE88BF00EE7FB0 /* FirebaseInAppMessaging-Beta */ = {
			isa = XCSwiftPackageProductDependency;
			package = 5E9143A52BCE88BF00EE7FB0 /* XCRemoteSwiftPackageReference "firebase-ios-sdk" */;
			productName = "FirebaseInAppMessaging-Beta";
		};
		5E9143C82BCE88BF00EE7FB0 /* FirebaseInAppMessagingSwift-Beta */ = {
			isa = XCSwiftPackageProductDependency;
			package = 5E9143A52BCE88BF00EE7FB0 /* XCRemoteSwiftPackageReference "firebase-ios-sdk" */;
			productName = "FirebaseInAppMessagingSwift-Beta";
		};
		5E9143CA2BCE88BF00EE7FB0 /* FirebaseInstallations */ = {
			isa = XCSwiftPackageProductDependency;
			package = 5E9143A52BCE88BF00EE7FB0 /* XCRemoteSwiftPackageReference "firebase-ios-sdk" */;
			productName = FirebaseInstallations;
		};
		5E9143CC2BCE88BF00EE7FB0 /* FirebaseMLModelDownloader */ = {
			isa = XCSwiftPackageProductDependency;
			package = 5E9143A52BCE88BF00EE7FB0 /* XCRemoteSwiftPackageReference "firebase-ios-sdk" */;
			productName = FirebaseMLModelDownloader;
		};
		5E9143CE2BCE88BF00EE7FB0 /* FirebaseMessaging */ = {
			isa = XCSwiftPackageProductDependency;
			package = 5E9143A52BCE88BF00EE7FB0 /* XCRemoteSwiftPackageReference "firebase-ios-sdk" */;
			productName = FirebaseMessaging;
		};
		5E9143D02BCE88BF00EE7FB0 /* FirebasePerformance */ = {
			isa = XCSwiftPackageProductDependency;
			package = 5E9143A52BCE88BF00EE7FB0 /* XCRemoteSwiftPackageReference "firebase-ios-sdk" */;
			productName = FirebasePerformance;
		};
		5E9143D22BCE88BF00EE7FB0 /* FirebaseRemoteConfig */ = {
			isa = XCSwiftPackageProductDependency;
			package = 5E9143A52BCE88BF00EE7FB0 /* XCRemoteSwiftPackageReference "firebase-ios-sdk" */;
			productName = FirebaseRemoteConfig;
		};
		5E9143D42BCE88BF00EE7FB0 /* FirebaseRemoteConfigSwift */ = {
			isa = XCSwiftPackageProductDependency;
			package = 5E9143A52BCE88BF00EE7FB0 /* XCRemoteSwiftPackageReference "firebase-ios-sdk" */;
			productName = FirebaseRemoteConfigSwift;
		};
		5E9143D62BCE88BF00EE7FB0 /* FirebaseStorage */ = {
			isa = XCSwiftPackageProductDependency;
			package = 5E9143A52BCE88BF00EE7FB0 /* XCRemoteSwiftPackageReference "firebase-ios-sdk" */;
			productName = FirebaseStorage;
		};
		5E9143D82BCE88BF00EE7FB0 /* FirebaseStorageCombine-Community */ = {
			isa = XCSwiftPackageProductDependency;
			package = 5E9143A52BCE88BF00EE7FB0 /* XCRemoteSwiftPackageReference "firebase-ios-sdk" */;
			productName = "FirebaseStorageCombine-Community";
		};
/* End XCSwiftPackageProductDependency section */
	};
	rootObject = 5E9143782BCE870B00EE7FB0 /* Project object */;
}
